{
  "originHash" : "7ab0c82d7bc5178bea4da1be1364a26fcb66bfb327d70f7b7534eee32028c67b",
  "pins" : [
    {
      "identity" : "alltouchgesturemodifier",
      "kind" : "remoteSourceControl",
      "location" : "https://github.com/richardjorne/AllTouchGestureModifier",
      "state" : {
        "branch" : "main",
        "revision" : "5220ec6c6e0e44b9f7856e73c375cb23f7712883"
      }
    }
  ],
  "version" : 3
}
